// !$*UTF8*$!
{
	archiveVersion = 1;
	classes = {
	};
	objectVersion = 56;
	objects = {

/* Begin PBXBuildFile section */
		1FC4452029A1D6B90064F3DD /* AppDelegate.swift in Sources */ = {isa = PBXBuildFile; fileRef = 1FC4451F29A1D6B90064F3DD /* AppDelegate.swift */; };
		1FC4452229A1D6B90064F3DD /* SceneDelegate.swift in Sources */ = {isa = PBXBuildFile; fileRef = 1FC4452129A1D6B90064F3DD /* SceneDelegate.swift */; };
		1FC4452429A1D6B90064F3DD /* MainTabBarViewController.swift in Sources */ = {isa = PBXBuildFile; fileRef = 1FC4452329A1D6B90064F3DD /* MainTabBarViewController.swift */; };
		1FC4452929A1D6BA0064F3DD /* Assets.xcassets in Resources */ = {isa = PBXBuildFile; fileRef = 1FC4452829A1D6BA0064F3DD /* Assets.xcassets */; };
		1FC4452C29A1D6BA0064F3DD /* LaunchScreen.storyboard in Resources */ = {isa = PBXBuildFile; fileRef = 1FC4452A29A1D6BA0064F3DD /* LaunchScreen.storyboard */; };
		1FC4453529A1D89F0064F3DD /* HomeViewController.swift in Sources */ = {isa = PBXBuildFile; fileRef = 1FC4453429A1D89F0064F3DD /* HomeViewController.swift */; };
		1FC4453729A1D8BB0064F3DD /* UpcomingViewController.swift in Sources */ = {isa = PBXBuildFile; fileRef = 1FC4453629A1D8BB0064F3DD /* UpcomingViewController.swift */; };
		1FC4453929A1D91F0064F3DD /* SeachViewController.swift in Sources */ = {isa = PBXBuildFile; fileRef = 1FC4453829A1D91F0064F3DD /* SeachViewController.swift */; };
		1FC4453B29A1D93F0064F3DD /* DownloadsViewController.swift in Sources */ = {isa = PBXBuildFile; fileRef = 1FC4453A29A1D93F0064F3DD /* DownloadsViewController.swift */; };
		1FC4454229A1DF9B0064F3DD /* CollectionViewTableViewCell.swift in Sources */ = {isa = PBXBuildFile; fileRef = 1FC4454129A1DF9B0064F3DD /* CollectionViewTableViewCell.swift */; };
		1FC4454429A1F5EC0064F3DD /* HeroHeaderUIView.swift in Sources */ = {isa = PBXBuildFile; fileRef = 1FC4454329A1F5EC0064F3DD /* HeroHeaderUIView.swift */; };
/* End PBXBuildFile section */

/* Begin PBXFileReference section */
		1FC4451C29A1D6B90064F3DD /* NetflixClone.app */ = {isa = PBXFileReference; explicitFileType = wrapper.application; includeInIndex = 0; path = NetflixClone.app; sourceTree = BUILT_PRODUCTS_DIR; };
		1FC4451F29A1D6B90064F3DD /* AppDelegate.swift */ = {isa = PBXFileReference; lastKnownFileType = sourcecode.swift; path = AppDelegate.swift; sourceTree = "<group>"; };
		1FC4452129A1D6B90064F3DD /* SceneDelegate.swift */ = {isa = PBXFileReference; lastKnownFileType = sourcecode.swift; path = SceneDelegate.swift; sourceTree = "<group>"; };
		1FC4452329A1D6B90064F3DD /* MainTabBarViewController.swift */ = {isa = PBXFileReference; lastKnownFileType = sourcecode.swift; path = MainTabBarViewController.swift; sourceTree = "<group>"; };
		1FC4452829A1D6BA0064F3DD /* Assets.xcassets */ = {isa = PBXFileReference; lastKnownFileType = folder.assetcatalog; path = Assets.xcassets; sourceTree = "<group>"; };
		1FC4452B29A1D6BA0064F3DD /* Base */ = {isa = PBXFileReference; lastKnownFileType = file.storyboard; name = Base; path = Base.lproj/LaunchScreen.storyboard; sourceTree = "<group>"; };
		1FC4452D29A1D6BA0064F3DD /* Info.plist */ = {isa = PBXFileReference; lastKnownFileType = text.plist.xml; path = Info.plist; sourceTree = "<group>"; };
		1FC4453429A1D89F0064F3DD /* HomeViewController.swift */ = {isa = PBXFileReference; lastKnownFileType = sourcecode.swift; path = HomeViewController.swift; sourceTree = "<group>"; };
		1FC4453629A1D8BB0064F3DD /* UpcomingViewController.swift */ = {isa = PBXFileReference; lastKnownFileType = sourcecode.swift; path = UpcomingViewController.swift; sourceTree = "<group>"; };
		1FC4453829A1D91F0064F3DD /* SeachViewController.swift */ = {isa = PBXFileReference; lastKnownFileType = sourcecode.swift; path = SeachViewController.swift; sourceTree = "<group>"; };
		1FC4453A29A1D93F0064F3DD /* DownloadsViewController.swift */ = {isa = PBXFileReference; lastKnownFileType = sourcecode.swift; path = DownloadsViewController.swift; sourceTree = "<group>"; };
		1FC4454129A1DF9B0064F3DD /* CollectionViewTableViewCell.swift */ = {isa = PBXFileReference; lastKnownFileType = sourcecode.swift; path = CollectionViewTableViewCell.swift; sourceTree = "<group>"; };
		1FC4454329A1F5EC0064F3DD /* HeroHeaderUIView.swift */ = {isa = PBXFileReference; lastKnownFileType = sourcecode.swift; path = HeroHeaderUIView.swift; sourceTree = "<group>"; };
/* End PBXFileReference section */

/* Begin PBXFrameworksBuildPhase section */
		1FC4451929A1D6B90064F3DD /* Frameworks */ = {
			isa = PBXFrameworksBuildPhase;
			buildActionMask = 2147483647;
			files = (
			);
			runOnlyForDeploymentPostprocessing = 0;
		};
/* End PBXFrameworksBuildPhase section */

/* Begin PBXGroup section */
		1FC4451329A1D6B90064F3DD = {
			isa = PBXGroup;
			children = (
				1FC4451E29A1D6B90064F3DD /* NetflixClone */,
				1FC4451D29A1D6B90064F3DD /* Products */,
			);
			sourceTree = "<group>";
		};
		1FC4451D29A1D6B90064F3DD /* Products */ = {
			isa = PBXGroup;
			children = (
				1FC4451C29A1D6B90064F3DD /* NetflixClone.app */,
			);
			name = Products;
			sourceTree = "<group>";
		};
		1FC4451E29A1D6B90064F3DD /* NetflixClone */ = {
			isa = PBXGroup;
			children = (
				1FC4454029A1DF6C0064F3DD /* Managers */,
				1FC4453F29A1DF630064F3DD /* Resources */,
				1FC4453E29A1DF3A0064F3DD /* Models */,
				1FC4453C29A1DF200064F3DD /* Views */,
				1FC4453D29A1DF2C0064F3DD /* ViewModels */,
				1FC4453329A1D8650064F3DD /* Controllers */,
				1FC4451F29A1D6B90064F3DD /* AppDelegate.swift */,
				1FC4452129A1D6B90064F3DD /* SceneDelegate.swift */,
				1FC4452329A1D6B90064F3DD /* MainTabBarViewController.swift */,
				1FC4452829A1D6BA0064F3DD /* Assets.xcassets */,
				1FC4452A29A1D6BA0064F3DD /* LaunchScreen.storyboard */,
				1FC4452D29A1D6BA0064F3DD /* Info.plist */,
			);
			path = NetflixClone;
			sourceTree = "<group>";
		};
		1FC4453329A1D8650064F3DD /* Controllers */ = {
			isa = PBXGroup;
			children = (
				1FC4453429A1D89F0064F3DD /* HomeViewController.swift */,
				1FC4453629A1D8BB0064F3DD /* UpcomingViewController.swift */,
				1FC4453829A1D91F0064F3DD /* SeachViewController.swift */,
				1FC4453A29A1D93F0064F3DD /* DownloadsViewController.swift */,
			);
			path = Controllers;
			sourceTree = "<group>";
		};
		1FC4453C29A1DF200064F3DD /* Views */ = {
			isa = PBXGroup;
			children = (
				1FC4454129A1DF9B0064F3DD /* CollectionViewTableViewCell.swift */,
				1FC4454329A1F5EC0064F3DD /* HeroHeaderUIView.swift */,
			);
			path = Views;
			sourceTree = "<group>";
		};
		1FC4453D29A1DF2C0064F3DD /* ViewModels */ = {
			isa = PBXGroup;
			children = (
			);
			path = ViewModels;
			sourceTree = "<group>";
		};
		1FC4453E29A1DF3A0064F3DD /* Models */ = {
			isa = PBXGroup;
			children = (
			);
			path = Models;
			sourceTree = "<group>";
		};
		1FC4453F29A1DF630064F3DD /* Resources */ = {
			isa = PBXGroup;
			children = (
			);
			path = Resources;
			sourceTree = "<group>";
		};
		1FC4454029A1DF6C0064F3DD /* Managers */ = {
			isa = PBXGroup;
			children = (
			);
			path = Managers;
			sourceTree = "<group>";
		};
/* End PBXGroup section */

/* Begin PBXNativeTarget section */
		1FC4451B29A1D6B90064F3DD /* NetflixClone */ = {
			isa = PBXNativeTarget;
			buildConfigurationList = 1FC4453029A1D6BA0064F3DD /* Build configuration list for PBXNativeTarget "NetflixClone" */;
			buildPhases = (
				1FC4451829A1D6B90064F3DD /* Sources */,
				1FC4451929A1D6B90064F3DD /* Frameworks */,
				1FC4451A29A1D6B90064F3DD /* Resources */,
			);
			buildRules = (
			);
			dependencies = (
			);
			name = NetflixClone;
			productName = NetflixClone;
			productReference = 1FC4451C29A1D6B90064F3DD /* NetflixClone.app */;
			productType = "com.apple.product-type.application";
		};
/* End PBXNativeTarget section */

/* Begin PBXProject section */
		1FC4451429A1D6B90064F3DD /* Project object */ = {
			isa = PBXProject;
			attributes = {
				BuildIndependentTargetsInParallel = 1;
				LastSwiftUpdateCheck = 1420;
				LastUpgradeCheck = 1420;
				TargetAttributes = {
					1FC4451B29A1D6B90064F3DD = {
						CreatedOnToolsVersion = 14.2;
					};
				};
			};
			buildConfigurationList = 1FC4451729A1D6B90064F3DD /* Build configuration list for PBXProject "NetflixClone" */;
			compatibilityVersion = "Xcode 14.0";
			developmentRegion = en;
			hasScannedForEncodings = 0;
			knownRegions = (
				en,
				Base,
			);
			mainGroup = 1FC4451329A1D6B90064F3DD;
			productRefGroup = 1FC4451D29A1D6B90064F3DD /* Products */;
			projectDirPath = "";
			projectRoot = "";
			targets = (
				1FC4451B29A1D6B90064F3DD /* NetflixClone */,
			);
		};
/* End PBXProject section */

/* Begin PBXResourcesBuildPhase section */
		1FC4451A29A1D6B90064F3DD /* Resources */ = {
			isa = PBXResourcesBuildPhase;
			buildActionMask = 2147483647;
			files = (
				1FC4452C29A1D6BA0064F3DD /* LaunchScreen.storyboard in Resources */,
				1FC4452929A1D6BA0064F3DD /* Assets.xcassets in Resources */,
			);
			runOnlyForDeploymentPostprocessing = 0;
		};
/* End PBXResourcesBuildPhase section */

/* Begin PBXSourcesBuildPhase section */
		1FC4451829A1D6B90064F3DD /* Sources */ = {
			isa = PBXSourcesBuildPhase;
			buildActionMask = 2147483647;
			files = (
				1FC4452429A1D6B90064F3DD /* MainTabBarViewController.swift in Sources */,
				1FC4452029A1D6B90064F3DD /* AppDelegate.swift in Sources */,
				1FC4454229A1DF9B0064F3DD /* CollectionViewTableViewCell.swift in Sources */,
				1FC4454429A1F5EC0064F3DD /* HeroHeaderUIView.swift in Sources */,
				1FC4453B29A1D93F0064F3DD /* DownloadsViewController.swift in Sources */,
				1FC4452229A1D6B90064F3DD /* SceneDelegate.swift in Sources */,
				1FC4453729A1D8BB0064F3DD /* UpcomingViewController.swift in Sources */,
				1FC4453529A1D89F0064F3DD /* HomeViewController.swift in Sources */,
				1FC4453929A1D91F0064F3DD /* SeachViewController.swift in Sources */,
			);
			runOnlyForDeploymentPostprocessing = 0;
		};
/* End PBXSourcesBuildPhase section */

/* Begin PBXVariantGroup section */
		1FC4452A29A1D6BA0064F3DD /* LaunchScreen.storyboard */ = {
			isa = PBXVariantGroup;
			children = (
				1FC4452B29A1D6BA0064F3DD /* Base */,
			);
			name = LaunchScreen.storyboard;
			sourceTree = "<group>";
		};
/* End PBXVariantGroup section */

/* Begin XCBuildConfiguration section */
		1FC4452E29A1D6BA0064F3DD /* Debug */ = {
			isa = XCBuildConfiguration;
			buildSettings = {
				ALWAYS_SEARCH_USER_PATHS = NO;
				CLANG_ANALYZER_NONNULL = YES;
				CLANG_ANALYZER_NUMBER_OBJECT_CONVERSION = YES_AGGRESSIVE;
				CLANG_CXX_LANGUAGE_STANDARD = "gnu++20";
				CLANG_ENABLE_MODULES = YES;
				CLANG_ENABLE_OBJC_ARC = YES;
				CLANG_ENABLE_OBJC_WEAK = YES;
				CLANG_WARN_BLOCK_CAPTURE_AUTORELEASING = YES;
				CLANG_WARN_BOOL_CONVERSION = YES;
				CLANG_WARN_COMMA = YES;
				CLANG_WARN_CONSTANT_CONVERSION = YES;
				CLANG_WARN_DEPRECATED_OBJC_IMPLEMENTATIONS = YES;
				CLANG_WARN_DIRECT_OBJC_ISA_USAGE = YES_ERROR;
				CLANG_WARN_DOCUMENTATION_COMMENTS = YES;
				CLANG_WARN_EMPTY_BODY = YES;
				CLANG_WARN_ENUM_CONVERSION = YES;
				CLANG_WARN_INFINITE_RECURSION = YES;
				CLANG_WARN_INT_CONVERSION = YES;
				CLANG_WARN_NON_LITERAL_NULL_CONVERSION = YES;
				CLANG_WARN_OBJC_IMPLICIT_RETAIN_SELF = YES;
				CLANG_WARN_OBJC_LITERAL_CONVERSION = YES;
				CLANG_WARN_OBJC_ROOT_CLASS = YES_ERROR;
				CLANG_WARN_QUOTED_INCLUDE_IN_FRAMEWORK_HEADER = YES;
				CLANG_WARN_RANGE_LOOP_ANALYSIS = YES;
				CLANG_WARN_STRICT_PROTOTYPES = YES;
				CLANG_WARN_SUSPICIOUS_MOVE = YES;
				CLANG_WARN_UNGUARDED_AVAILABILITY = YES_AGGRESSIVE;
				CLANG_WARN_UNREACHABLE_CODE = YES;
				CLANG_WARN__DUPLICATE_METHOD_MATCH = YES;
				COPY_PHASE_STRIP = NO;
				DEBUG_INFORMATION_FORMAT = dwarf;
				ENABLE_STRICT_OBJC_MSGSEND = YES;
				ENABLE_TESTABILITY = YES;
				GCC_C_LANGUAGE_STANDARD = gnu11;
				GCC_DYNAMIC_NO_PIC = NO;
				GCC_NO_COMMON_BLOCKS = YES;
				GCC_OPTIMIZATION_LEVEL = 0;
				GCC_PREPROCESSOR_DEFINITIONS = (
					"DEBUG=1",
					"$(inherited)",
				);
				GCC_WARN_64_TO_32_BIT_CONVERSION = YES;
				GCC_WARN_ABOUT_RETURN_TYPE = YES_ERROR;
				GCC_WARN_UNDECLARED_SELECTOR = YES;
				GCC_WARN_UNINITIALIZED_AUTOS = YES_AGGRESSIVE;
				GCC_WARN_UNUSED_FUNCTION = YES;
				GCC_WARN_UNUSED_VARIABLE = YES;
				IPHONEOS_DEPLOYMENT_TARGET = 16.2;
				MTL_ENABLE_DEBUG_INFO = INCLUDE_SOURCE;
				MTL_FAST_MATH = YES;
				ONLY_ACTIVE_ARCH = YES;
				SDKROOT = iphoneos;
				SWIFT_ACTIVE_COMPILATION_CONDITIONS = DEBUG;
				SWIFT_OPTIMIZATION_LEVEL = "-Onone";
			};
			name = Debug;
		};
		1FC4452F29A1D6BA0064F3DD /* Release */ = {
			isa = XCBuildConfiguration;
			buildSettings = {
				ALWAYS_SEARCH_USER_PATHS = NO;
				CLANG_ANALYZER_NONNULL = YES;
				CLANG_ANALYZER_NUMBER_OBJECT_CONVERSION = YES_AGGRESSIVE;
				CLANG_CXX_LANGUAGE_STANDARD = "gnu++20";
				CLANG_ENABLE_MODULES = YES;
				CLANG_ENABLE_OBJC_ARC = YES;
				CLANG_ENABLE_OBJC_WEAK = YES;
				CLANG_WARN_BLOCK_CAPTURE_AUTORELEASING = YES;
				CLANG_WARN_BOOL_CONVERSION = YES;
				CLANG_WARN_COMMA = YES;
				CLANG_WARN_CONSTANT_CONVERSION = YES;
				CLANG_WARN_DEPRECATED_OBJC_IMPLEMENTATIONS = YES;
				CLANG_WARN_DIRECT_OBJC_ISA_USAGE = YES_ERROR;
				CLANG_WARN_DOCUMENTATION_COMMENTS = YES;
				CLANG_WARN_EMPTY_BODY = YES;
				CLANG_WARN_ENUM_CONVERSION = YES;
				CLANG_WARN_INFINITE_RECURSION = YES;
				CLANG_WARN_INT_CONVERSION = YES;
				CLANG_WARN_NON_LITERAL_NULL_CONVERSION = YES;
				CLANG_WARN_OBJC_IMPLICIT_RETAIN_SELF = YES;
				CLANG_WARN_OBJC_LITERAL_CONVERSION = YES;
				CLANG_WARN_OBJC_ROOT_CLASS = YES_ERROR;
				CLANG_WARN_QUOTED_INCLUDE_IN_FRAMEWORK_HEADER = YES;
				CLANG_WARN_RANGE_LOOP_ANALYSIS = YES;
				CLANG_WARN_STRICT_PROTOTYPES = YES;
				CLANG_WARN_SUSPICIOUS_MOVE = YES;
				CLANG_WARN_UNGUARDED_AVAILABILITY = YES_AGGRESSIVE;
				CLANG_WARN_UNREACHABLE_CODE = YES;
				CLANG_WARN__DUPLICATE_METHOD_MATCH = YES;
				COPY_PHASE_STRIP = NO;
				DEBUG_INFORMATION_FORMAT = "dwarf-with-dsym";
				ENABLE_NS_ASSERTIONS = NO;
				ENABLE_STRICT_OBJC_MSGSEND = YES;
				GCC_C_LANGUAGE_STANDARD = gnu11;
				GCC_NO_COMMON_BLOCKS = YES;
				GCC_WARN_64_TO_32_BIT_CONVERSION = YES;
				GCC_WARN_ABOUT_RETURN_TYPE = YES_ERROR;
				GCC_WARN_UNDECLARED_SELECTOR = YES;
				GCC_WARN_UNINITIALIZED_AUTOS = YES_AGGRESSIVE;
				GCC_WARN_UNUSED_FUNCTION = YES;
				GCC_WARN_UNUSED_VARIABLE = YES;
				IPHONEOS_DEPLOYMENT_TARGET = 16.2;
				MTL_ENABLE_DEBUG_INFO = NO;
				MTL_FAST_MATH = YES;
				SDKROOT = iphoneos;
				SWIFT_COMPILATION_MODE = wholemodule;
				SWIFT_OPTIMIZATION_LEVEL = "-O";
				VALIDATE_PRODUCT = YES;
			};
			name = Release;
		};
		1FC4453129A1D6BA0064F3DD /* Debug */ = {
			isa = XCBuildConfiguration;
			buildSettings = {
				ASSETCATALOG_COMPILER_APPICON_NAME = AppIcon;
				ASSETCATALOG_COMPILER_GLOBAL_ACCENT_COLOR_NAME = AccentColor;
				CODE_SIGN_STYLE = Automatic;
				CURRENT_PROJECT_VERSION = 1;
				GENERATE_INFOPLIST_FILE = YES;
				INFOPLIST_FILE = NetflixClone/Info.plist;
				INFOPLIST_KEY_UIApplicationSupportsIndirectInputEvents = YES;
				INFOPLIST_KEY_UILaunchStoryboardName = LaunchScreen;
				INFOPLIST_KEY_UISupportedInterfaceOrientations_iPad = "UIInterfaceOrientationPortrait UIInterfaceOrientationPortraitUpsideDown UIInterfaceOrientationLandscapeLeft UIInterfaceOrientationLandscapeRight";
				INFOPLIST_KEY_UISupportedInterfaceOrientations_iPhone = "UIInterfaceOrientationPortrait UIInterfaceOrientationLandscapeLeft UIInterfaceOrientationLandscapeRight";
				LD_RUNPATH_SEARCH_PATHS = (
					"$(inherited)",
					"@executable_path/Frameworks",
				);
				MARKETING_VERSION = 1.0;
				PRODUCT_BUNDLE_IDENTIFIER = in.edu.srmist.NetflixClone;
				PRODUCT_NAME = "$(TARGET_NAME)";
				SWIFT_EMIT_LOC_STRINGS = YES;
				SWIFT_VERSION = 5.0;
				TARGETED_DEVICE_FAMILY = "1,2";
			};
			name = Debug;
		};
		1FC4453229A1D6BA0064F3DD /* Release */ = {
			isa = XCBuildConfiguration;
			buildSettings = {
				ASSETCATALOG_COMPILER_APPICON_NAME = AppIcon;
				ASSETCATALOG_COMPILER_GLOBAL_ACCENT_COLOR_NAME = AccentColor;
				CODE_SIGN_STYLE = Automatic;
				CURRENT_PROJECT_VERSION = 1;
				GENERATE_INFOPLIST_FILE = YES;
				INFOPLIST_FILE = NetflixClone/Info.plist;
				INFOPLIST_KEY_UIApplicationSupportsIndirectInputEvents = YES;
				INFOPLIST_KEY_UILaunchStoryboardName = LaunchScreen;
				INFOPLIST_KEY_UISupportedInterfaceOrientations_iPad = "UIInterfaceOrientationPortrait UIInterfaceOrientationPortraitUpsideDown UIInterfaceOrientationLandscapeLeft UIInterfaceOrientationLandscapeRight";
				INFOPLIST_KEY_UISupportedInterfaceOrientations_iPhone = "UIInterfaceOrientationPortrait UIInterfaceOrientationLandscapeLeft UIInterfaceOrientationLandscapeRight";
				LD_RUNPATH_SEARCH_PATHS = (
					"$(inherited)",
					"@executable_path/Frameworks",
				);
				MARKETING_VERSION = 1.0;
				PRODUCT_BUNDLE_IDENTIFIER = in.edu.srmist.NetflixClone;
				PRODUCT_NAME = "$(TARGET_NAME)";
				SWIFT_EMIT_LOC_STRINGS = YES;
				SWIFT_VERSION = 5.0;
				TARGETED_DEVICE_FAMILY = "1,2";
			};
			name = Release;
		};
/* End XCBuildConfiguration section */

/* Begin XCConfigurationList section */
		1FC4451729A1D6B90064F3DD /* Build configuration list for PBXProject "NetflixClone" */ = {
			isa = XCConfigurationList;
			buildConfigurations = (
				1FC4452E29A1D6BA0064F3DD /* Debug */,
				1FC4452F29A1D6BA0064F3DD /* Release */,
			);
			defaultConfigurationIsVisible = 0;
			defaultConfigurationName = Release;
		};
		1FC4453029A1D6BA0064F3DD /* Build configuration list for PBXNativeTarget "NetflixClone" */ = {
			isa = XCConfigurationList;
			buildConfigurations = (
				1FC4453129A1D6BA0064F3DD /* Debug */,
				1FC4453229A1D6BA0064F3DD /* Release */,
			);
			defaultConfigurationIsVisible = 0;
			defaultConfigurationName = Release;
		};
/* End XCConfigurationList section */
	};
	rootObject = 1FC4451429A1D6B90064F3DD /* Project object */;
}
